
Microsoft Visual Studio Solution File, Format Version 12.00
# Visual Studio Version 16
VisualStudioVersion = 16.0.31112.23
MinimumVisualStudioVersion = 10.0.40219.1
Project("{FAE04EC0-301F-11D3-BF4B-00C04F79EFBC}") = "GenshinSim", "GenshinSim.csproj", "{87668F3B-24BA-4138-AB65-91375F50DEDC}"
EndProject
Project("{FAE04EC0-301F-11D3-BF4B-00C04F79EFBC}") = "DataTable", "..\STK\source\DataTable\DataTable.csproj", "{F19F9F15-6B16-407C-8A51-1CBA75E671F5}"
EndProject
Project("{FAE04EC0-301F-11D3-BF4B-00C04F79EFBC}") = "GenshinSim.Test", "..\GenshinSim.Test\GenshinSim.Test.csproj", "{50662ECB-E7D6-4F73-A8C3-D791B8774E3B}"
EndProject
Project("{FAE04EC0-301F-11D3-BF4B-00C04F79EFBC}") = "ExcelDataTableExporter", "tools\ExcelDataTableExporter\ExcelDataTableExporter.csproj", "{2E7C9F92-8525-4D17-A2FA-87DAEE51F410}"
EndProject
Project("{FAE04EC0-301F-11D3-BF4B-00C04F79EFBC}") = "Expression", "..\STK\source\Expression\Expression.csproj", "{6F75FDC2-547C-4DC9-981D-8AD5D09BDA0D}"
EndProject
Global
	GlobalSection(SolutionConfigurationPlatforms) = preSolution
		Debug|Any CPU = Debug|Any CPU
		Release|Any CPU = Release|Any CPU
	EndGlobalSection
	GlobalSection(ProjectConfigurationPlatforms) = postSolution
		{87668F3B-24BA-4138-AB65-91375F50DEDC}.Debug|Any CPU.ActiveCfg = Debug|Any CPU
		{87668F3B-24BA-4138-AB65-91375F50DEDC}.Debug|Any CPU.Build.0 = Debug|Any CPU
		{87668F3B-24BA-4138-AB65-91375F50DEDC}.Release|Any CPU.ActiveCfg = Release|Any CPU
		{87668F3B-24BA-4138-AB65-91375F50DEDC}.Release|Any CPU.Build.0 = Release|Any CPU
		{F19F9F15-6B16-407C-8A51-1CBA75E671F5}.Debug|Any CPU.ActiveCfg = Debug|Any CPU
		{F19F9F15-6B16-407C-8A51-1CBA75E671F5}.Debug|Any CPU.Build.0 = Debug|Any CPU
		{F19F9F15-6B16-407C-8A51-1CBA75E671F5}.Release|Any CPU.ActiveCfg = Release|Any CPU
		{F19F9F15-6B16-407C-8A51-1CBA75E671F5}.Release|Any CPU.Build.0 = Release|Any CPU
		{50662ECB-E7D6-4F73-A8C3-D791B8774E3B}.Debug|Any CPU.ActiveCfg = Debug|Any CPU
		{50662ECB-E7D6-4F73-A8C3-D791B8774E3B}.Debug|Any CPU.Build.0 = Debug|Any CPU
		{50662ECB-E7D6-4F73-A8C3-D791B8774E3B}.Release|Any CPU.ActiveCfg = Release|Any CPU
		{50662ECB-E7D6-4F73-A8C3-D791B8774E3B}.Release|Any CPU.Build.0 = Release|Any CPU
		{2E7C9F92-8525-4D17-A2FA-87DAEE51F410}.Debug|Any CPU.ActiveCfg = Debug|Any CPU
		{2E7C9F92-8525-4D17-A2FA-87DAEE51F410}.Debug|Any CPU.Build.0 = Debug|Any CPU
		{2E7C9F92-8525-4D17-A2FA-87DAEE51F410}.Release|Any CPU.ActiveCfg = Release|Any CPU
		{2E7C9F92-8525-4D17-A2FA-87DAEE51F410}.Release|Any CPU.Build.0 = Release|Any CPU
		{6F75FDC2-547C-4DC9-981D-8AD5D09BDA0D}.Debug|Any CPU.ActiveCfg = Debug|Any CPU
		{6F75FDC2-547C-4DC9-981D-8AD5D09BDA0D}.Debug|Any CPU.Build.0 = Debug|Any CPU
		{6F75FDC2-547C-4DC9-981D-8AD5D09BDA0D}.Release|Any CPU.ActiveCfg = Release|Any CPU
		{6F75FDC2-547C-4DC9-981D-8AD5D09BDA0D}.Release|Any CPU.Build.0 = Release|Any CPU
	EndGlobalSection
	GlobalSection(SolutionProperties) = preSolution
		HideSolutionNode = FALSE
	EndGlobalSection
	GlobalSection(ExtensibilityGlobals) = postSolution
		SolutionGuid = {D58B0370-3B06-4266-8B30-0826BC48AB52}
	EndGlobalSection
EndGlobal
